<?xml version="1.0" encoding="utf-8"?>
<Project ToolsVersion="4.0" xmlns="http://schemas.microsoft.com/developer/msbuild/2003">
  <ItemGroup>
    <ClCompile Include="basic_Test.cpp" />
    <ClCompile Include="dll\basictesthead.cpp">
      <Filter>dll</Filter>
    </ClCompile>
    <ClCompile Include="..\src\scbasic\commu\servertemplate.cpp">
      <Filter>scbasic\comm</Filter>
    </ClCompile>
    <ClCompile Include="..\src\scbasic\commu\basicclient.cpp">
      <Filter>scbasic\comm</Filter>
    </ClCompile>
    <ClCompile Include="..\src\scbasic\commu\ipverify.cpp">
      <Filter>scbasic\comm</Filter>
    </ClCompile>
    <ClCompile Include="..\src\scbasic\encode\rsaencode.cpp">
      <Filter>scbasic\encode</Filter>
    </ClCompile>
    <ClCompile Include="coroutine\coroutinetest.cpp">
      <Filter>coroutine</Filter>
    </ClCompile>
    <ClCompile Include="net\nettest.cpp">
      <Filter>net</Filter>
    </ClCompile>
  </ItemGroup>
  <ItemGroup>
    <ClInclude Include="net\nettest.h">
      <Filter>net</Filter>
    </ClInclude>
    <ClInclude Include="coroutine\coroutinetest.h">
      <Filter>coroutine</Filter>
    </ClInclude>
    <ClInclude Include="dll\dlltest.h">
      <Filter>dll</Filter>
    </ClInclude>
    <ClInclude Include="dll\basictesthead.h">
      <Filter>dll</Filter>
    </ClInclude>
    <ClInclude Include="comm\functionxiaolvtest.h">
      <Filter>comm</Filter>
    </ClInclude>
    <ClInclude Include="time\ontimertest.h">
      <Filter>time</Filter>
    </ClInclude>
    <ClInclude Include="misc\fastdelegatetest.h">
      <Filter>misc</Filter>
    </ClInclude>
    <ClInclude Include="exception\stackwalkcheck.h">
      <Filter>exception</Filter>
    </ClInclude>
    <ClInclude Include="util\containerexttest.h">
      <Filter>util</Filter>
    </ClInclude>
    <ClInclude Include="..\src\scbasic\commu\ipverify.h">
      <Filter>scbasic\comm</Filter>
    </ClInclude>
    <ClInclude Include="..\src\scbasic\commu\servertemplate.h">
      <Filter>scbasic\comm</Filter>
    </ClInclude>
    <ClInclude Include="..\src\scbasic\commu\basicclient.h">
      <Filter>scbasic\comm</Filter>
    </ClInclude>
    <ClInclude Include="thread\threadtest.h">
      <Filter>thread</Filter>
    </ClInclude>
    <ClInclude Include="headdefine.h" />
    <ClInclude Include="..\src\scbasic\encode\rsaencode.h">
      <Filter>scbasic\encode</Filter>
    </ClInclude>
  </ItemGroup>
  <ItemGroup>
    <Text Include="ReadMe.txt" />
  </ItemGroup>
  <ItemGroup>
    <Filter Include="net">
      <UniqueIdentifier>{81b9aa18-d654-4339-b530-121206ac27bf}</UniqueIdentifier>
    </Filter>
    <Filter Include="coroutine">
      <UniqueIdentifier>{4ee9c733-971f-446c-a02b-be0d821cfcfe}</UniqueIdentifier>
    </Filter>
    <Filter Include="dll">
      <UniqueIdentifier>{1fff6e8c-1293-4913-b0e0-3317e120729e}</UniqueIdentifier>
    </Filter>
    <Filter Include="comm">
      <UniqueIdentifier>{36781af9-29e1-432c-afde-ceb0d7086942}</UniqueIdentifier>
    </Filter>
    <Filter Include="time">
      <UniqueIdentifier>{da6c3495-b113-4987-be00-d1a417e6c394}</UniqueIdentifier>
    </Filter>
    <Filter Include="misc">
      <UniqueIdentifier>{747bed5e-eb6b-409f-a747-1747a012e4ed}</UniqueIdentifier>
    </Filter>
    <Filter Include="exception">
      <UniqueIdentifier>{a89a7574-ff11-418e-90e8-d90a2a4633d9}</UniqueIdentifier>
    </Filter>
    <Filter Include="util">
      <UniqueIdentifier>{1a216c6c-02ca-4b2e-95ad-968fe6b948ed}</UniqueIdentifier>
    </Filter>
    <Filter Include="scbasic">
      <UniqueIdentifier>{ae25118f-fa13-4a64-9ee6-b16571ceffb1}</UniqueIdentifier>
    </Filter>
    <Filter Include="scbasic\comm">
      <UniqueIdentifier>{b294e3d1-f4f0-4205-8e51-49a514be9421}</UniqueIdentifier>
    </Filter>
    <Filter Include="thread">
      <UniqueIdentifier>{b7808ea6-f2cd-40ee-9062-ffd329c9d097}</UniqueIdentifier>
    </Filter>
    <Filter Include="scbasic\encode">
      <UniqueIdentifier>{be0bcf40-fd28-490f-bc59-0b7831720e37}</UniqueIdentifier>
    </Filter>
  </ItemGroup>
</Project>